
Microsoft Visual Studio Solution File, Format Version 12.00
# Visual Studio Version 17
VisualStudioVersion = 17.10.34928.147
MinimumVisualStudioVersion = 10.0.40219.1
Project("{FAE04EC0-301F-11D3-BF4B-00C04F79EFBC}") = "ChromaticityDiagram", "ChromaticityDiagram.csproj", "{92BAEB8A-6C13-42B9-98D4-7C5229560589}"
EndProject
Global
	GlobalSection(SolutionConfigurationPlatforms) = preSolution
		Debug|Any CPU = Debug|Any CPU
		Release|Any CPU = Release|Any CPU
	EndGlobalSection
	GlobalSection(ProjectConfigurationPlatforms) = postSolution
		{92BAEB8A-6C13-42B9-98D4-7C5229560589}.Debug|Any CPU.ActiveCfg = Debug|Any CPU
		{92BAEB8A-6C13-42B9-98D4-7C5229560589}.Debug|Any CPU.Build.0 = Debug|Any CPU
		{92BAEB8A-6C13-42B9-98D4-7C5229560589}.Release|Any CPU.ActiveCfg = Release|Any CPU
		{92BAEB8A-6C13-42B9-98D4-7C5229560589}.Release|Any CPU.Build.0 = Release|Any CPU
	EndGlobalSection
	GlobalSection(SolutionProperties) = preSolution
		HideSolutionNode = FALSE
	EndGlobalSection
	GlobalSection(ExtensibilityGlobals) = postSolution
		SolutionGuid = {C915163B-4925-49F4-B9F5-2081C7C0882C}
	EndGlobalSection
EndGlobal
